// !$*UTF8*$!
{
	archiveVersion = 1;
	classes = {
	};
	objectVersion = 46;
	objects = {

/* Begin PBXBuildFile section */
		90A3ACA015E440450059F226 /* UIKit.framework in Frameworks */ = {isa = PBXBuildFile; fileRef = 90A3AC9F15E440450059F226 /* UIKit.framework */; };
		90A3ACA215E440450059F226 /* Foundation.framework in Frameworks */ = {isa = PBXBuildFile; fileRef = 90A3ACA115E440450059F226 /* Foundation.framework */; };
		90A3ACA415E440450059F226 /* CoreGraphics.framework in Frameworks */ = {isa = PBXBuildFile; fileRef = 90A3ACA315E440450059F226 /* CoreGraphics.framework */; };
		90A3ACAA15E440450059F226 /* InfoPlist.strings in Resources */ = {isa = PBXBuildFile; fileRef = 90A3ACA815E440450059F226 /* InfoPlist.strings */; };
		90A3ACAC15E440450059F226 /* main.m in Sources */ = {isa = PBXBuildFile; fileRef = 90A3ACAB15E440450059F226 /* main.m */; };
		90A3ACB015E440450059F226 /* AppDelegate.m in Sources */ = {isa = PBXBuildFile; fileRef = 90A3ACAF15E440450059F226 /* AppDelegate.m */; };
		90A3ACBB15E4410A0059F226 /* FormularioContatoViewController.m in Sources */ = {isa = PBXBuildFile; fileRef = 90A3ACB915E4410A0059F226 /* FormularioContatoViewController.m */; };
		90A3ACBC15E4410A0059F226 /* FormularioContatoViewController.xib in Resources */ = {isa = PBXBuildFile; fileRef = 90A3ACBA15E4410A0059F226 /* FormularioContatoViewController.xib */; };
/* End PBXBuildFile section */

/* Begin PBXFileReference section */
		90A3AC9B15E440450059F226 /* ContatosIP67.app */ = {isa = PBXFileReference; explicitFileType = wrapper.application; includeInIndex = 0; path = ContatosIP67.app; sourceTree = BUILT_PRODUCTS_DIR; };
		90A3AC9F15E440450059F226 /* UIKit.framework */ = {isa = PBXFileReference; lastKnownFileType = wrapper.framework; name = UIKit.framework; path = System/Library/Frameworks/UIKit.framework; sourceTree = SDKROOT; };
		90A3ACA115E440450059F226 /* Foundation.framework */ = {isa = PBXFileReference; lastKnownFileType = wrapper.framework; name = Foundation.framework; path = System/Library/Frameworks/Foundation.framework; sourceTree = SDKROOT; };
		90A3ACA315E440450059F226 /* CoreGraphics.framework */ = {isa = PBXFileReference; lastKnownFileType = wrapper.framework; name = CoreGraphics.framework; path = System/Library/Frameworks/CoreGraphics.framework; sourceTree = SDKROOT; };
		90A3ACA715E440450059F226 /* ContatosIP67-Info.plist */ = {isa = PBXFileReference; lastKnownFileType = text.plist.xml; path = "ContatosIP67-Info.plist"; sourceTree = "<group>"; };
		90A3ACA915E440450059F226 /* en */ = {isa = PBXFileReference; lastKnownFileType = text.plist.strings; name = en; path = en.lproj/InfoPlist.strings; sourceTree = "<group>"; };
		90A3ACAB15E440450059F226 /* main.m */ = {isa = PBXFileReference; lastKnownFileType = sourcecode.c.objc; path = main.m; sourceTree = "<group>"; };
		90A3ACAD15E440450059F226 /* ContatosIP67-Prefix.pch */ = {isa = PBXFileReference; lastKnownFileType = sourcecode.c.h; path = "ContatosIP67-Prefix.pch"; sourceTree = "<group>"; };
		90A3ACAE15E440450059F226 /* AppDelegate.h */ = {isa = PBXFileReference; lastKnownFileType = sourcecode.c.h; path = AppDelegate.h; sourceTree = "<group>"; };
		90A3ACAF15E440450059F226 /* AppDelegate.m */ = {isa = PBXFileReference; lastKnownFileType = sourcecode.c.objc; path = AppDelegate.m; sourceTree = "<group>"; };
		90A3ACB815E4410A0059F226 /* FormularioContatoViewController.h */ = {isa = PBXFileReference; fileEncoding = 4; lastKnownFileType = sourcecode.c.h; path = FormularioContatoViewController.h; sourceTree = "<group>"; };
		90A3ACB915E4410A0059F226 /* FormularioContatoViewController.m */ = {isa = PBXFileReference; fileEncoding = 4; lastKnownFileType = sourcecode.c.objc; path = FormularioContatoViewController.m; sourceTree = "<group>"; };
		90A3ACBA15E4410A0059F226 /* FormularioContatoViewController.xib */ = {isa = PBXFileReference; fileEncoding = 4; lastKnownFileType = file.xib; path = FormularioContatoViewController.xib; sourceTree = "<group>"; };
/* End PBXFileReference section */

/* Begin PBXFrameworksBuildPhase section */
		90A3AC9815E440450059F226 /* Frameworks */ = {
			isa = PBXFrameworksBuildPhase;
			buildActionMask = 2147483647;
			files = (
				90A3ACA015E440450059F226 /* UIKit.framework in Frameworks */,
				90A3ACA215E440450059F226 /* Foundation.framework in Frameworks */,
				90A3ACA415E440450059F226 /* CoreGraphics.framework in Frameworks */,
			);
			runOnlyForDeploymentPostprocessing = 0;
		};
/* End PBXFrameworksBuildPhase section */

/* Begin PBXGroup section */
		90A3AC9015E440450059F226 = {
			isa = PBXGroup;
			children = (
				90A3ACA515E440450059F226 /* ContatosIP67 */,
				90A3AC9E15E440450059F226 /* Frameworks */,
				90A3AC9C15E440450059F226 /* Products */,
			);
			sourceTree = "<group>";
		};
		90A3AC9C15E440450059F226 /* Products */ = {
			isa = PBXGroup;
			children = (
				90A3AC9B15E440450059F226 /* ContatosIP67.app */,
			);
			name = Products;
			sourceTree = "<group>";
		};
		90A3AC9E15E440450059F226 /* Frameworks */ = {
			isa = PBXGroup;
			children = (
				90A3AC9F15E440450059F226 /* UIKit.framework */,
				90A3ACA115E440450059F226 /* Foundation.framework */,
				90A3ACA315E440450059F226 /* CoreGraphics.framework */,
			);
			name = Frameworks;
			sourceTree = "<group>";
		};
		90A3ACA515E440450059F226 /* ContatosIP67 */ = {
			isa = PBXGroup;
			children = (
				90A3ACAE15E440450059F226 /* AppDelegate.h */,
				90A3ACAF15E440450059F226 /* AppDelegate.m */,
				90A3ACA615E440450059F226 /* Supporting Files */,
				90A3ACB815E4410A0059F226 /* FormularioContatoViewController.h */,
				90A3ACB915E4410A0059F226 /* FormularioContatoViewController.m */,
				90A3ACBA15E4410A0059F226 /* FormularioContatoViewController.xib */,
			);
			path = ContatosIP67;
			sourceTree = "<group>";
		};
		90A3ACA615E440450059F226 /* Supporting Files */ = {
			isa = PBXGroup;
			children = (
				90A3ACA715E440450059F226 /* ContatosIP67-Info.plist */,
				90A3ACA815E440450059F226 /* InfoPlist.strings */,
				90A3ACAB15E440450059F226 /* main.m */,
				90A3ACAD15E440450059F226 /* ContatosIP67-Prefix.pch */,
			);
			name = "Supporting Files";
			sourceTree = "<group>";
		};
/* End PBXGroup section */

/* Begin PBXNativeTarget section */
		90A3AC9A15E440450059F226 /* ContatosIP67 */ = {
			isa = PBXNativeTarget;
			buildConfigurationList = 90A3ACB315E440450059F226 /* Build configuration list for PBXNativeTarget "ContatosIP67" */;
			buildPhases = (
				90A3AC9715E440450059F226 /* Sources */,
				90A3AC9815E440450059F226 /* Frameworks */,
				90A3AC9915E440450059F226 /* Resources */,
			);
			buildRules = (
			);
			dependencies = (
			);
			name = ContatosIP67;
			productName = ContatosIP67;
			productReference = 90A3AC9B15E440450059F226 /* ContatosIP67.app */;
			productType = "com.apple.product-type.application";
		};
/* End PBXNativeTarget section */

/* Begin PBXProject section */
		90A3AC9215E440450059F226 /* Project object */ = {
			isa = PBXProject;
			attributes = {
				LastUpgradeCheck = 0430;
			};
			buildConfigurationList = 90A3AC9515E440450059F226 /* Build configuration list for PBXProject "ContatosIP67" */;
			compatibilityVersion = "Xcode 3.2";
			developmentRegion = English;
			hasScannedForEncodings = 0;
			knownRegions = (
				en,
			);
			mainGroup = 90A3AC9015E440450059F226;
			productRefGroup = 90A3AC9C15E440450059F226 /* Products */;
			projectDirPath = "";
			projectRoot = "";
			targets = (
				90A3AC9A15E440450059F226 /* ContatosIP67 */,
			);
		};
/* End PBXProject section */

/* Begin PBXResourcesBuildPhase section */
		90A3AC9915E440450059F226 /* Resources */ = {
			isa = PBXResourcesBuildPhase;
			buildActionMask = 2147483647;
			files = (
				90A3ACAA15E440450059F226 /* InfoPlist.strings in Resources */,
				90A3ACBC15E4410A0059F226 /* FormularioContatoViewController.xib in Resources */,
			);
			runOnlyForDeploymentPostprocessing = 0;
		};
/* End PBXResourcesBuildPhase section */

/* Begin PBXSourcesBuildPhase section */
		90A3AC9715E440450059F226 /* Sources */ = {
			isa = PBXSourcesBuildPhase;
			buildActionMask = 2147483647;
			files = (
				90A3ACAC15E440450059F226 /* main.m in Sources */,
				90A3ACB015E440450059F226 /* AppDelegate.m in Sources */,
				90A3ACBB15E4410A0059F226 /* FormularioContatoViewController.m in Sources */,
			);
			runOnlyForDeploymentPostprocessing = 0;
		};
/* End PBXSourcesBuildPhase section */

/* Begin PBXVariantGroup section */
		90A3ACA815E440450059F226 /* InfoPlist.strings */ = {
			isa = PBXVariantGroup;
			children = (
				90A3ACA915E440450059F226 /* en */,
			);
			name = InfoPlist.strings;
			sourceTree = "<group>";
		};
/* End PBXVariantGroup section */

/* Begin XCBuildConfiguration section */
		90A3ACB115E440450059F226 /* Debug */ = {
			isa = XCBuildConfiguration;
			buildSettings = {
				ALWAYS_SEARCH_USER_PATHS = NO;
				ARCHS = "$(ARCHS_STANDARD_32_BIT)";
				CLANG_ENABLE_OBJC_ARC = YES;
				"CODE_SIGN_IDENTITY[sdk=iphoneos*]" = "iPhone Developer";
				COPY_PHASE_STRIP = NO;
				GCC_C_LANGUAGE_STANDARD = gnu99;
				GCC_DYNAMIC_NO_PIC = NO;
				GCC_OPTIMIZATION_LEVEL = 0;
				GCC_PREPROCESSOR_DEFINITIONS = (
					"DEBUG=1",
					"$(inherited)",
				);
				GCC_SYMBOLS_PRIVATE_EXTERN = NO;
				GCC_VERSION = com.apple.compilers.llvm.clang.1_0;
				GCC_WARN_ABOUT_RETURN_TYPE = YES;
				GCC_WARN_UNINITIALIZED_AUTOS = YES;
				GCC_WARN_UNUSED_VARIABLE = YES;
				IPHONEOS_DEPLOYMENT_TARGET = 5.1;
				SDKROOT = iphoneos;
			};
			name = Debug;
		};
		90A3ACB215E440450059F226 /* Release */ = {
			isa = XCBuildConfiguration;
			buildSettings = {
				ALWAYS_SEARCH_USER_PATHS = NO;
				ARCHS = "$(ARCHS_STANDARD_32_BIT)";
				CLANG_ENABLE_OBJC_ARC = YES;
				"CODE_SIGN_IDENTITY[sdk=iphoneos*]" = "iPhone Developer";
				COPY_PHASE_STRIP = YES;
				GCC_C_LANGUAGE_STANDARD = gnu99;
				GCC_VERSION = com.apple.compilers.llvm.clang.1_0;
				GCC_WARN_ABOUT_RETURN_TYPE = YES;
				GCC_WARN_UNINITIALIZED_AUTOS = YES;
				GCC_WARN_UNUSED_VARIABLE = YES;
				IPHONEOS_DEPLOYMENT_TARGET = 5.1;
				OTHER_CFLAGS = "-DNS_BLOCK_ASSERTIONS=1";
				SDKROOT = iphoneos;
				VALIDATE_PRODUCT = YES;
			};
			name = Release;
		};
		90A3ACB415E440450059F226 /* Debug */ = {
			isa = XCBuildConfiguration;
			buildSettings = {
				GCC_PRECOMPILE_PREFIX_HEADER = YES;
				GCC_PREFIX_HEADER = "ContatosIP67/ContatosIP67-Prefix.pch";
				INFOPLIST_FILE = "ContatosIP67/ContatosIP67-Info.plist";
				PRODUCT_NAME = "$(TARGET_NAME)";
				WRAPPER_EXTENSION = app;
			};
			name = Debug;
		};
		90A3ACB515E440450059F226 /* Release */ = {
			isa = XCBuildConfiguration;
			buildSettings = {
				GCC_PRECOMPILE_PREFIX_HEADER = YES;
				GCC_PREFIX_HEADER = "ContatosIP67/ContatosIP67-Prefix.pch";
				INFOPLIST_FILE = "ContatosIP67/ContatosIP67-Info.plist";
				PRODUCT_NAME = "$(TARGET_NAME)";
				WRAPPER_EXTENSION = app;
			};
			name = Release;
		};
/* End XCBuildConfiguration section */

/* Begin XCConfigurationList section */
		90A3AC9515E440450059F226 /* Build configuration list for PBXProject "ContatosIP67" */ = {
			isa = XCConfigurationList;
			buildConfigurations = (
				90A3ACB115E440450059F226 /* Debug */,
				90A3ACB215E440450059F226 /* Release */,
			);
			defaultConfigurationIsVisible = 0;
			defaultConfigurationName = Release;
		};
		90A3ACB315E440450059F226 /* Build configuration list for PBXNativeTarget "ContatosIP67" */ = {
			isa = XCConfigurationList;
			buildConfigurations = (
				90A3ACB415E440450059F226 /* Debug */,
				90A3ACB515E440450059F226 /* Release */,
			);
			defaultConfigurationIsVisible = 0;
		};
/* End XCConfigurationList section */
	};
	rootObject = 90A3AC9215E440450059F226 /* Project object */;
}
